
Microsoft Visual Studio Solution File, Format Version 12.00
# Visual Studio Version 17
VisualStudioVersion = 17.0.31903.59
MinimumVisualStudioVersion = 10.0.40219.1
Project("{FAE04EC0-301F-11D3-BF4B-00C04F79EFBC}") = "TaskManagerConsoleApp", "TaskManagerConsoleApp\TaskManagerConsoleApp.csproj", "{0039C47B-0FD9-4CBF-BAEE-C046B27621B1}"
EndProject
Project("{FAE04EC0-301F-11D3-BF4B-00C04F79EFBC}") = "TaskManagerConsoleApp.Tests", "TaskManagerConsoleApp.Tests\TaskManagerConsoleApp.Tests.csproj", "{ECB8B033-F5CD-4D21-87FE-A420343BA3C3}"
EndProject
Project("{FAE04EC0-301F-11D3-BF4B-00C04F79EFBC}") = "TaskManagerConsoleLibrary", "TaskManagerConsoleLibrary\TaskManagerConsoleLibrary.csproj", "{79FE0786-DCF2-4885-92AE-A1959F42E0F9}"
EndProject
Global
	GlobalSection(SolutionConfigurationPlatforms) = preSolution
		Debug|Any CPU = Debug|Any CPU
		Debug|x64 = Debug|x64
		Debug|x86 = Debug|x86
		Release|Any CPU = Release|Any CPU
		Release|x64 = Release|x64
		Release|x86 = Release|x86
	EndGlobalSection
	GlobalSection(ProjectConfigurationPlatforms) = postSolution
		{0039C47B-0FD9-4CBF-BAEE-C046B27621B1}.Debug|Any CPU.ActiveCfg = Debug|Any CPU
		{0039C47B-0FD9-4CBF-BAEE-C046B27621B1}.Debug|Any CPU.Build.0 = Debug|Any CPU
		{0039C47B-0FD9-4CBF-BAEE-C046B27621B1}.Debug|x64.ActiveCfg = Debug|Any CPU
		{0039C47B-0FD9-4CBF-BAEE-C046B27621B1}.Debug|x64.Build.0 = Debug|Any CPU
		{0039C47B-0FD9-4CBF-BAEE-C046B27621B1}.Debug|x86.ActiveCfg = Debug|Any CPU
		{0039C47B-0FD9-4CBF-BAEE-C046B27621B1}.Debug|x86.Build.0 = Debug|Any CPU
		{0039C47B-0FD9-4CBF-BAEE-C046B27621B1}.Release|Any CPU.ActiveCfg = Release|Any CPU
		{0039C47B-0FD9-4CBF-BAEE-C046B27621B1}.Release|Any CPU.Build.0 = Release|Any CPU
		{0039C47B-0FD9-4CBF-BAEE-C046B27621B1}.Release|x64.ActiveCfg = Release|Any CPU
		{0039C47B-0FD9-4CBF-BAEE-C046B27621B1}.Release|x64.Build.0 = Release|Any CPU
		{0039C47B-0FD9-4CBF-BAEE-C046B27621B1}.Release|x86.ActiveCfg = Release|Any CPU
		{0039C47B-0FD9-4CBF-BAEE-C046B27621B1}.Release|x86.Build.0 = Release|Any CPU
		{ECB8B033-F5CD-4D21-87FE-A420343BA3C3}.Debug|Any CPU.ActiveCfg = Debug|Any CPU
		{ECB8B033-F5CD-4D21-87FE-A420343BA3C3}.Debug|Any CPU.Build.0 = Debug|Any CPU
		{ECB8B033-F5CD-4D21-87FE-A420343BA3C3}.Debug|x64.ActiveCfg = Debug|Any CPU
		{ECB8B033-F5CD-4D21-87FE-A420343BA3C3}.Debug|x64.Build.0 = Debug|Any CPU
		{ECB8B033-F5CD-4D21-87FE-A420343BA3C3}.Debug|x86.ActiveCfg = Debug|Any CPU
		{ECB8B033-F5CD-4D21-87FE-A420343BA3C3}.Debug|x86.Build.0 = Debug|Any CPU
		{ECB8B033-F5CD-4D21-87FE-A420343BA3C3}.Release|Any CPU.ActiveCfg = Release|Any CPU
		{ECB8B033-F5CD-4D21-87FE-A420343BA3C3}.Release|Any CPU.Build.0 = Release|Any CPU
		{ECB8B033-F5CD-4D21-87FE-A420343BA3C3}.Release|x64.ActiveCfg = Release|Any CPU
		{ECB8B033-F5CD-4D21-87FE-A420343BA3C3}.Release|x64.Build.0 = Release|Any CPU
		{ECB8B033-F5CD-4D21-87FE-A420343BA3C3}.Release|x86.ActiveCfg = Release|Any CPU
		{ECB8B033-F5CD-4D21-87FE-A420343BA3C3}.Release|x86.Build.0 = Release|Any CPU
		{79FE0786-DCF2-4885-92AE-A1959F42E0F9}.Debug|Any CPU.ActiveCfg = Debug|Any CPU
		{79FE0786-DCF2-4885-92AE-A1959F42E0F9}.Debug|Any CPU.Build.0 = Debug|Any CPU
		{79FE0786-DCF2-4885-92AE-A1959F42E0F9}.Debug|x64.ActiveCfg = Debug|Any CPU
		{79FE0786-DCF2-4885-92AE-A1959F42E0F9}.Debug|x64.Build.0 = Debug|Any CPU
		{79FE0786-DCF2-4885-92AE-A1959F42E0F9}.Debug|x86.ActiveCfg = Debug|Any CPU
		{79FE0786-DCF2-4885-92AE-A1959F42E0F9}.Debug|x86.Build.0 = Debug|Any CPU
		{79FE0786-DCF2-4885-92AE-A1959F42E0F9}.Release|Any CPU.ActiveCfg = Release|Any CPU
		{79FE0786-DCF2-4885-92AE-A1959F42E0F9}.Release|Any CPU.Build.0 = Release|Any CPU
		{79FE0786-DCF2-4885-92AE-A1959F42E0F9}.Release|x64.ActiveCfg = Release|Any CPU
		{79FE0786-DCF2-4885-92AE-A1959F42E0F9}.Release|x64.Build.0 = Release|Any CPU
		{79FE0786-DCF2-4885-92AE-A1959F42E0F9}.Release|x86.ActiveCfg = Release|Any CPU
		{79FE0786-DCF2-4885-92AE-A1959F42E0F9}.Release|x86.Build.0 = Release|Any CPU
	EndGlobalSection
	GlobalSection(SolutionProperties) = preSolution
		HideSolutionNode = FALSE
	EndGlobalSection
EndGlobal
